# This file was autogenerated by Stack.
# You should not edit this file by hand.
# For more information, please see the documentation at:
#   https://docs.haskellstack.org/en/stable/lock_files

snapshots:
- original:
    url: https://raw.githubusercontent.com/commercialhaskell/stackage-snapshots/master/lts/18/26.yaml
  completed:
    sha256: e76d109964d9335abb412e22139c5bce3078be290ac6d90b8ecea6cc009bb198
    url: https://raw.githubusercontent.com/commercialhaskell/stackage-snapshots/master/lts/18/26.yaml
    size: 590102
packages:
- original:
    hackage: wai-test-3.0.0@sha256:8c93227edf37be4005c1ec36ba71800be6c47f53600739d921f64ea4a60e3dc8,588
  completed:
    pantry-tree:
      sha256: de8f3ed2bc7505b9656a382b3f7ffa4d71d092caca8d1df850275327f40e91c6
      size: 153
    hackage: wai-test-3.0.0@sha256:8c93227edf37be4005c1ec36ba71800be6c47f53600739d921f64ea4a60e3dc8,588
